
Microsoft Visual Studio Solution File, Format Version 12.00
# Visual Studio Version 17
VisualStudioVersion = 17.5.33424.131
MinimumVisualStudioVersion = 10.0.40219.1
Project("{8BC9CEB8-8B4A-11D0-8D11-00A0C91BC942}") = "POT_1_casts", "POT_1_casts\POT_1_casts.vcxproj", "{BAF3C61A-921D-4C04-B8C3-49510AFC5968}"
EndProject
Project("{8BC9CEB8-8B4A-11D0-8D11-00A0C91BC942}") = "POT_4_ASM_C", "POT_4_ASM_C\POT_4_ASM_C.vcxproj", "{701585F4-762E-4C30-B630-1BC8AD627C71}"
EndProject
Project("{8BC9CEB8-8B4A-11D0-8D11-00A0C91BC942}") = "x86_1", "x86_1\x86_1.vcxproj", "{AE35DE2C-3097-46FC-B7C2-EA3993530120}"
EndProject
Project("{8BC9CEB8-8B4A-11D0-8D11-00A0C91BC942}") = "x86_IO", "x86_IO\x86_IO.vcxproj", "{5C152063-4EB9-42E5-A820-03EB0F0CA188}"
EndProject
Project("{8BC9CEB8-8B4A-11D0-8D11-00A0C91BC942}") = "x86_FloatingPoint", "x86_FloatingPoint\x86_FloatingPoint.vcxproj", "{517C8A62-F09E-4684-9A58-C4407501B3D4}"
EndProject
Global
	GlobalSection(SolutionConfigurationPlatforms) = preSolution
		Debug|ARM = Debug|ARM
		Debug|ARM64 = Debug|ARM64
		Debug|x64 = Debug|x64
		Debug|x86 = Debug|x86
		Release|ARM = Release|ARM
		Release|ARM64 = Release|ARM64
		Release|x64 = Release|x64
		Release|x86 = Release|x86
	EndGlobalSection
	GlobalSection(ProjectConfigurationPlatforms) = postSolution
		{BAF3C61A-921D-4C04-B8C3-49510AFC5968}.Debug|ARM.ActiveCfg = Debug|Win32
		{BAF3C61A-921D-4C04-B8C3-49510AFC5968}.Debug|ARM64.ActiveCfg = Debug|Win32
		{BAF3C61A-921D-4C04-B8C3-49510AFC5968}.Debug|x64.ActiveCfg = Debug|x64
		{BAF3C61A-921D-4C04-B8C3-49510AFC5968}.Debug|x64.Build.0 = Debug|x64
		{BAF3C61A-921D-4C04-B8C3-49510AFC5968}.Debug|x86.ActiveCfg = Debug|Win32
		{BAF3C61A-921D-4C04-B8C3-49510AFC5968}.Debug|x86.Build.0 = Debug|Win32
		{BAF3C61A-921D-4C04-B8C3-49510AFC5968}.Release|ARM.ActiveCfg = Release|Win32
		{BAF3C61A-921D-4C04-B8C3-49510AFC5968}.Release|ARM64.ActiveCfg = Release|Win32
		{BAF3C61A-921D-4C04-B8C3-49510AFC5968}.Release|x64.ActiveCfg = Release|x64
		{BAF3C61A-921D-4C04-B8C3-49510AFC5968}.Release|x64.Build.0 = Release|x64
		{BAF3C61A-921D-4C04-B8C3-49510AFC5968}.Release|x86.ActiveCfg = Release|Win32
		{BAF3C61A-921D-4C04-B8C3-49510AFC5968}.Release|x86.Build.0 = Release|Win32
		{701585F4-762E-4C30-B630-1BC8AD627C71}.Debug|ARM.ActiveCfg = Debug|Win32
		{701585F4-762E-4C30-B630-1BC8AD627C71}.Debug|ARM64.ActiveCfg = Debug|Win32
		{701585F4-762E-4C30-B630-1BC8AD627C71}.Debug|x64.ActiveCfg = Debug|x64
		{701585F4-762E-4C30-B630-1BC8AD627C71}.Debug|x64.Build.0 = Debug|x64
		{701585F4-762E-4C30-B630-1BC8AD627C71}.Debug|x86.ActiveCfg = Debug|Win32
		{701585F4-762E-4C30-B630-1BC8AD627C71}.Debug|x86.Build.0 = Debug|Win32
		{701585F4-762E-4C30-B630-1BC8AD627C71}.Release|ARM.ActiveCfg = Release|Win32
		{701585F4-762E-4C30-B630-1BC8AD627C71}.Release|ARM64.ActiveCfg = Release|Win32
		{701585F4-762E-4C30-B630-1BC8AD627C71}.Release|x64.ActiveCfg = Release|x64
		{701585F4-762E-4C30-B630-1BC8AD627C71}.Release|x64.Build.0 = Release|x64
		{701585F4-762E-4C30-B630-1BC8AD627C71}.Release|x86.ActiveCfg = Release|Win32
		{701585F4-762E-4C30-B630-1BC8AD627C71}.Release|x86.Build.0 = Release|Win32
		{AE35DE2C-3097-46FC-B7C2-EA3993530120}.Debug|ARM.ActiveCfg = Debug|x64
		{AE35DE2C-3097-46FC-B7C2-EA3993530120}.Debug|ARM.Build.0 = Debug|x64
		{AE35DE2C-3097-46FC-B7C2-EA3993530120}.Debug|ARM64.ActiveCfg = Debug|x64
		{AE35DE2C-3097-46FC-B7C2-EA3993530120}.Debug|ARM64.Build.0 = Debug|x64
		{AE35DE2C-3097-46FC-B7C2-EA3993530120}.Debug|x64.ActiveCfg = Debug|x64
		{AE35DE2C-3097-46FC-B7C2-EA3993530120}.Debug|x64.Build.0 = Debug|x64
		{AE35DE2C-3097-46FC-B7C2-EA3993530120}.Debug|x86.ActiveCfg = Debug|Win32
		{AE35DE2C-3097-46FC-B7C2-EA3993530120}.Debug|x86.Build.0 = Debug|Win32
		{AE35DE2C-3097-46FC-B7C2-EA3993530120}.Release|ARM.ActiveCfg = Release|x64
		{AE35DE2C-3097-46FC-B7C2-EA3993530120}.Release|ARM.Build.0 = Release|x64
		{AE35DE2C-3097-46FC-B7C2-EA3993530120}.Release|ARM64.ActiveCfg = Release|x64
		{AE35DE2C-3097-46FC-B7C2-EA3993530120}.Release|ARM64.Build.0 = Release|x64
		{AE35DE2C-3097-46FC-B7C2-EA3993530120}.Release|x64.ActiveCfg = Release|x64
		{AE35DE2C-3097-46FC-B7C2-EA3993530120}.Release|x64.Build.0 = Release|x64
		{AE35DE2C-3097-46FC-B7C2-EA3993530120}.Release|x86.ActiveCfg = Release|Win32
		{AE35DE2C-3097-46FC-B7C2-EA3993530120}.Release|x86.Build.0 = Release|Win32
		{5C152063-4EB9-42E5-A820-03EB0F0CA188}.Debug|ARM.ActiveCfg = Debug|x64
		{5C152063-4EB9-42E5-A820-03EB0F0CA188}.Debug|ARM.Build.0 = Debug|x64
		{5C152063-4EB9-42E5-A820-03EB0F0CA188}.Debug|ARM64.ActiveCfg = Debug|x64
		{5C152063-4EB9-42E5-A820-03EB0F0CA188}.Debug|ARM64.Build.0 = Debug|x64
		{5C152063-4EB9-42E5-A820-03EB0F0CA188}.Debug|x64.ActiveCfg = Debug|x64
		{5C152063-4EB9-42E5-A820-03EB0F0CA188}.Debug|x64.Build.0 = Debug|x64
		{5C152063-4EB9-42E5-A820-03EB0F0CA188}.Debug|x86.ActiveCfg = Debug|Win32
		{5C152063-4EB9-42E5-A820-03EB0F0CA188}.Debug|x86.Build.0 = Debug|Win32
		{5C152063-4EB9-42E5-A820-03EB0F0CA188}.Release|ARM.ActiveCfg = Release|x64
		{5C152063-4EB9-42E5-A820-03EB0F0CA188}.Release|ARM.Build.0 = Release|x64
		{5C152063-4EB9-42E5-A820-03EB0F0CA188}.Release|ARM64.ActiveCfg = Release|x64
		{5C152063-4EB9-42E5-A820-03EB0F0CA188}.Release|ARM64.Build.0 = Release|x64
		{5C152063-4EB9-42E5-A820-03EB0F0CA188}.Release|x64.ActiveCfg = Release|x64
		{5C152063-4EB9-42E5-A820-03EB0F0CA188}.Release|x64.Build.0 = Release|x64
		{5C152063-4EB9-42E5-A820-03EB0F0CA188}.Release|x86.ActiveCfg = Release|Win32
		{5C152063-4EB9-42E5-A820-03EB0F0CA188}.Release|x86.Build.0 = Release|Win32
		{517C8A62-F09E-4684-9A58-C4407501B3D4}.Debug|ARM.ActiveCfg = Debug|x64
		{517C8A62-F09E-4684-9A58-C4407501B3D4}.Debug|ARM.Build.0 = Debug|x64
		{517C8A62-F09E-4684-9A58-C4407501B3D4}.Debug|ARM64.ActiveCfg = Debug|x64
		{517C8A62-F09E-4684-9A58-C4407501B3D4}.Debug|ARM64.Build.0 = Debug|x64
		{517C8A62-F09E-4684-9A58-C4407501B3D4}.Debug|x64.ActiveCfg = Debug|x64
		{517C8A62-F09E-4684-9A58-C4407501B3D4}.Debug|x64.Build.0 = Debug|x64
		{517C8A62-F09E-4684-9A58-C4407501B3D4}.Debug|x86.ActiveCfg = Debug|Win32
		{517C8A62-F09E-4684-9A58-C4407501B3D4}.Debug|x86.Build.0 = Debug|Win32
		{517C8A62-F09E-4684-9A58-C4407501B3D4}.Release|ARM.ActiveCfg = Release|x64
		{517C8A62-F09E-4684-9A58-C4407501B3D4}.Release|ARM.Build.0 = Release|x64
		{517C8A62-F09E-4684-9A58-C4407501B3D4}.Release|ARM64.ActiveCfg = Release|x64
		{517C8A62-F09E-4684-9A58-C4407501B3D4}.Release|ARM64.Build.0 = Release|x64
		{517C8A62-F09E-4684-9A58-C4407501B3D4}.Release|x64.ActiveCfg = Release|x64
		{517C8A62-F09E-4684-9A58-C4407501B3D4}.Release|x64.Build.0 = Release|x64
		{517C8A62-F09E-4684-9A58-C4407501B3D4}.Release|x86.ActiveCfg = Release|Win32
		{517C8A62-F09E-4684-9A58-C4407501B3D4}.Release|x86.Build.0 = Release|Win32
	EndGlobalSection
	GlobalSection(SolutionProperties) = preSolution
		HideSolutionNode = FALSE
	EndGlobalSection
	GlobalSection(ExtensibilityGlobals) = postSolution
		SolutionGuid = {CDD00074-9923-44F9-ABCA-0E44C6843714}
	EndGlobalSection
EndGlobal
